# This file is generated by running "yarn install" inside your project.
# Manual changes might be lost - proceed with caution!

__metadata:
  version: 4

"acme-app@workspace:apps/acme-app":
  version: 0.0.0-use.local
  resolution: "acme-app@workspace:apps/acme-app"
  dependencies:
    lib-ui: "workspace:*"
  languageName: unknown
  linkType: soft

"lib-ui@workspace:*, lib-ui@workspace:libs/lib-ui":
  version: 0.0.0-use.local
  resolution: "lib-ui@workspace:libs/lib-ui"
  languageName: unknown
  linkType: soft

"root-workspace-0b6124@workspace:.":
  version: 0.0.0-use.local
  resolution: "root-workspace-0b6124@workspace:."
  languageName: unknown
  linkType: soft
